// !$*UTF8*$!
{
	archiveVersion = 1;
	classes = {
	};
	objectVersion = 77;
	objects = {

/* Begin PBXBuildFile section */
		134A6C362DD38A320077FF25 /* OneSignalFramework in Frameworks */ = {isa = PBXBuildFile; productRef = 134A6C352DD38A320077FF25 /* OneSignalFramework */; };
		134A6C392DD38A430077FF25 /* Swifter in Frameworks */ = {isa = PBXBuildFile; productRef = 134A6C382DD38A430077FF25 /* Swifter */; };
		134A6C3C2DD38A560077FF25 /* AffiseAttributionLib in Frameworks */ = {isa = PBXBuildFile; productRef = 134A6C3B2DD38A560077FF25 /* AffiseAttributionLib */; };
		134A6C3E2DD38A560077FF25 /* AffiseInternal in Frameworks */ = {isa = PBXBuildFile; productRef = 134A6C3D2DD38A560077FF25 /* AffiseInternal */; };
		134A6C402DD38A560077FF25 /* AffiseModuleAdvertising in Frameworks */ = {isa = PBXBuildFile; productRef = 134A6C3F2DD38A560077FF25 /* AffiseModuleAdvertising */; };
		134A6C422DD38A560077FF25 /* AffiseModuleLink in Frameworks */ = {isa = PBXBuildFile; productRef = 134A6C412DD38A560077FF25 /* AffiseModuleLink */; };
		134A6C442DD38A560077FF25 /* AffiseModulePersistent in Frameworks */ = {isa = PBXBuildFile; productRef = 134A6C432DD38A560077FF25 /* AffiseModulePersistent */; };
		134A6C462DD38A560077FF25 /* AffiseModuleStatus in Frameworks */ = {isa = PBXBuildFile; productRef = 134A6C452DD38A560077FF25 /* AffiseModuleStatus */; };
		134A6C482DD38A560077FF25 /* AffiseModuleSubscription in Frameworks */ = {isa = PBXBuildFile; productRef = 134A6C472DD38A560077FF25 /* AffiseModuleSubscription */; };
		134A6C4A2DD38A560077FF25 /* AffiseSKAdNetwork in Frameworks */ = {isa = PBXBuildFile; productRef = 134A6C492DD38A560077FF25 /* AffiseSKAdNetwork */; };
		134A6C4D2DD38B200077FF25 /* Alamofire in Frameworks */ = {isa = PBXBuildFile; productRef = 134A6C4C2DD38B200077FF25 /* Alamofire */; };
/* End PBXBuildFile section */

/* Begin PBXFileReference section */
		096586DF2D8B691B0089E768 /* FrootyNator Juice Master.app */ = {isa = PBXFileReference; explicitFileType = wrapper.application; includeInIndex = 0; path = "FrootyNator Juice Master.app"; sourceTree = BUILT_PRODUCTS_DIR; };
/* End PBXFileReference section */

/* Begin PBXFileSystemSynchronizedRootGroup section */
		096586E12D8B691B0089E768 /* FrootyNator Juice Master */ = {
			isa = PBXFileSystemSynchronizedRootGroup;
			path = "FrootyNator Juice Master";
			sourceTree = "<group>";
		};
/* End PBXFileSystemSynchronizedRootGroup section */

/* Begin PBXFrameworksBuildPhase section */
		096586DC2D8B691B0089E768 /* Frameworks */ = {
			isa = PBXFrameworksBuildPhase;
			buildActionMask = 2147483647;
			files = (
				134A6C402DD38A560077FF25 /* AffiseModuleAdvertising in Frameworks */,
				134A6C362DD38A320077FF25 /* OneSignalFramework in Frameworks */,
				134A6C462DD38A560077FF25 /* AffiseModuleStatus in Frameworks */,
				134A6C3E2DD38A560077FF25 /* AffiseInternal in Frameworks */,
				134A6C442DD38A560077FF25 /* AffiseModulePersistent in Frameworks */,
				134A6C4D2DD38B200077FF25 /* Alamofire in Frameworks */,
				134A6C392DD38A430077FF25 /* Swifter in Frameworks */,
				134A6C482DD38A560077FF25 /* AffiseModuleSubscription in Frameworks */,
				134A6C422DD38A560077FF25 /* AffiseModuleLink in Frameworks */,
				134A6C4A2DD38A560077FF25 /* AffiseSKAdNetwork in Frameworks */,
				134A6C3C2DD38A560077FF25 /* AffiseAttributionLib in Frameworks */,
			);
			runOnlyForDeploymentPostprocessing = 0;
		};
/* End PBXFrameworksBuildPhase section */

/* Begin PBXGroup section */
		096586D62D8B691B0089E768 = {
			isa = PBXGroup;
			children = (
				096586E12D8B691B0089E768 /* FrootyNator Juice Master */,
				096586E02D8B691B0089E768 /* Products */,
			);
			sourceTree = "<group>";
		};
		096586E02D8B691B0089E768 /* Products */ = {
			isa = PBXGroup;
			children = (
				096586DF2D8B691B0089E768 /* FrootyNator Juice Master.app */,
			);
			name = Products;
			sourceTree = "<group>";
		};
/* End PBXGroup section */

/* Begin PBXNativeTarget section */
		096586DE2D8B691B0089E768 /* FrootyNator Juice Master */ = {
			isa = PBXNativeTarget;
			buildConfigurationList = 096586EF2D8B691C0089E768 /* Build configuration list for PBXNativeTarget "FrootyNator Juice Master" */;
			buildPhases = (
				096586DB2D8B691B0089E768 /* Sources */,
				096586DC2D8B691B0089E768 /* Frameworks */,
				096586DD2D8B691B0089E768 /* Resources */,
			);
			buildRules = (
			);
			dependencies = (
			);
			fileSystemSynchronizedGroups = (
				096586E12D8B691B0089E768 /* FrootyNator Juice Master */,
			);
			name = "FrootyNator Juice Master";
			packageProductDependencies = (
				134A6C352DD38A320077FF25 /* OneSignalFramework */,
				134A6C382DD38A430077FF25 /* Swifter */,
				134A6C3B2DD38A560077FF25 /* AffiseAttributionLib */,
				134A6C3D2DD38A560077FF25 /* AffiseInternal */,
				134A6C3F2DD38A560077FF25 /* AffiseModuleAdvertising */,
				134A6C412DD38A560077FF25 /* AffiseModuleLink */,
				134A6C432DD38A560077FF25 /* AffiseModulePersistent */,
				134A6C452DD38A560077FF25 /* AffiseModuleStatus */,
				134A6C472DD38A560077FF25 /* AffiseModuleSubscription */,
				134A6C492DD38A560077FF25 /* AffiseSKAdNetwork */,
				134A6C4C2DD38B200077FF25 /* Alamofire */,
			);
			productName = "FrootyNator Juice Master";
			productReference = 096586DF2D8B691B0089E768 /* FrootyNator Juice Master.app */;
			productType = "com.apple.product-type.application";
		};
/* End PBXNativeTarget section */

/* Begin PBXProject section */
		096586D72D8B691B0089E768 /* Project object */ = {
			isa = PBXProject;
			attributes = {
				BuildIndependentTargetsInParallel = 1;
				LastSwiftUpdateCheck = 1620;
				LastUpgradeCheck = 1620;
				TargetAttributes = {
					096586DE2D8B691B0089E768 = {
						CreatedOnToolsVersion = 16.2;
					};
				};
			};
			buildConfigurationList = 096586DA2D8B691B0089E768 /* Build configuration list for PBXProject "FrootyNator Juice Master" */;
			developmentRegion = en;
			hasScannedForEncodings = 0;
			knownRegions = (
				en,
				Base,
				de,
				fr,
				it,
				da,
				es,
			);
			mainGroup = 096586D62D8B691B0089E768;
			minimizedProjectReferenceProxies = 1;
			packageReferences = (
				134A6C342DD38A320077FF25 /* XCRemoteSwiftPackageReference "OneSignal-XCFramework" */,
				134A6C372DD38A430077FF25 /* XCRemoteSwiftPackageReference "swifter" */,
				134A6C3A2DD38A560077FF25 /* XCRemoteSwiftPackageReference "sdk-ios" */,
				134A6C4B2DD38B200077FF25 /* XCRemoteSwiftPackageReference "Alamofire" */,
			);
			preferredProjectObjectVersion = 77;
			productRefGroup = 096586E02D8B691B0089E768 /* Products */;
			projectDirPath = "";
			projectRoot = "";
			targets = (
				096586DE2D8B691B0089E768 /* FrootyNator Juice Master */,
			);
		};
/* End PBXProject section */

/* Begin PBXResourcesBuildPhase section */
		096586DD2D8B691B0089E768 /* Resources */ = {
			isa = PBXResourcesBuildPhase;
			buildActionMask = 2147483647;
			files = (
			);
			runOnlyForDeploymentPostprocessing = 0;
		};
/* End PBXResourcesBuildPhase section */

/* Begin PBXSourcesBuildPhase section */
		096586DB2D8B691B0089E768 /* Sources */ = {
			isa = PBXSourcesBuildPhase;
			buildActionMask = 2147483647;
			files = (
			);
			runOnlyForDeploymentPostprocessing = 0;
		};
/* End PBXSourcesBuildPhase section */

/* Begin XCBuildConfiguration section */
		096586ED2D8B691C0089E768 /* Debug */ = {
			isa = XCBuildConfiguration;
			buildSettings = {
				ALWAYS_SEARCH_USER_PATHS = NO;
				ASSETCATALOG_COMPILER_GENERATE_SWIFT_ASSET_SYMBOL_EXTENSIONS = YES;
				CLANG_ANALYZER_NONNULL = YES;
				CLANG_ANALYZER_NUMBER_OBJECT_CONVERSION = YES_AGGRESSIVE;
				CLANG_CXX_LANGUAGE_STANDARD = "gnu++20";
				CLANG_ENABLE_MODULES = YES;
				CLANG_ENABLE_OBJC_ARC = YES;
				CLANG_ENABLE_OBJC_WEAK = YES;
				CLANG_WARN_BLOCK_CAPTURE_AUTORELEASING = YES;
				CLANG_WARN_BOOL_CONVERSION = YES;
				CLANG_WARN_COMMA = YES;
				CLANG_WARN_CONSTANT_CONVERSION = YES;
				CLANG_WARN_DEPRECATED_OBJC_IMPLEMENTATIONS = YES;
				CLANG_WARN_DIRECT_OBJC_ISA_USAGE = YES_ERROR;
				CLANG_WARN_DOCUMENTATION_COMMENTS = YES;
				CLANG_WARN_EMPTY_BODY = YES;
				CLANG_WARN_ENUM_CONVERSION = YES;
				CLANG_WARN_INFINITE_RECURSION = YES;
				CLANG_WARN_INT_CONVERSION = YES;
				CLANG_WARN_NON_LITERAL_NULL_CONVERSION = YES;
				CLANG_WARN_OBJC_IMPLICIT_RETAIN_SELF = YES;
				CLANG_WARN_OBJC_LITERAL_CONVERSION = YES;
				CLANG_WARN_OBJC_ROOT_CLASS = YES_ERROR;
				CLANG_WARN_QUOTED_INCLUDE_IN_FRAMEWORK_HEADER = YES;
				CLANG_WARN_RANGE_LOOP_ANALYSIS = YES;
				CLANG_WARN_STRICT_PROTOTYPES = YES;
				CLANG_WARN_SUSPICIOUS_MOVE = YES;
				CLANG_WARN_UNGUARDED_AVAILABILITY = YES_AGGRESSIVE;
				CLANG_WARN_UNREACHABLE_CODE = YES;
				CLANG_WARN__DUPLICATE_METHOD_MATCH = YES;
				COPY_PHASE_STRIP = NO;
				DEBUG_INFORMATION_FORMAT = dwarf;
				ENABLE_STRICT_OBJC_MSGSEND = YES;
				ENABLE_TESTABILITY = YES;
				ENABLE_USER_SCRIPT_SANDBOXING = YES;
				GCC_C_LANGUAGE_STANDARD = gnu17;
				GCC_DYNAMIC_NO_PIC = NO;
				GCC_NO_COMMON_BLOCKS = YES;
				GCC_OPTIMIZATION_LEVEL = 0;
				GCC_PREPROCESSOR_DEFINITIONS = (
					"DEBUG=1",
					"$(inherited)",
				);
				GCC_WARN_64_TO_32_BIT_CONVERSION = YES;
				GCC_WARN_ABOUT_RETURN_TYPE = YES_ERROR;
				GCC_WARN_UNDECLARED_SELECTOR = YES;
				GCC_WARN_UNINITIALIZED_AUTOS = YES_AGGRESSIVE;
				GCC_WARN_UNUSED_FUNCTION = YES;
				GCC_WARN_UNUSED_VARIABLE = YES;
				IPHONEOS_DEPLOYMENT_TARGET = 18.2;
				LOCALIZATION_PREFERS_STRING_CATALOGS = YES;
				MTL_ENABLE_DEBUG_INFO = INCLUDE_SOURCE;
				MTL_FAST_MATH = YES;
				ONLY_ACTIVE_ARCH = YES;
				SDKROOT = iphoneos;
				SWIFT_ACTIVE_COMPILATION_CONDITIONS = "DEBUG $(inherited)";
				SWIFT_OPTIMIZATION_LEVEL = "-Onone";
			};
			name = Debug;
		};
		096586EE2D8B691C0089E768 /* Release */ = {
			isa = XCBuildConfiguration;
			buildSettings = {
				ALWAYS_SEARCH_USER_PATHS = NO;
				ASSETCATALOG_COMPILER_GENERATE_SWIFT_ASSET_SYMBOL_EXTENSIONS = YES;
				CLANG_ANALYZER_NONNULL = YES;
				CLANG_ANALYZER_NUMBER_OBJECT_CONVERSION = YES_AGGRESSIVE;
				CLANG_CXX_LANGUAGE_STANDARD = "gnu++20";
				CLANG_ENABLE_MODULES = YES;
				CLANG_ENABLE_OBJC_ARC = YES;
				CLANG_ENABLE_OBJC_WEAK = YES;
				CLANG_WARN_BLOCK_CAPTURE_AUTORELEASING = YES;
				CLANG_WARN_BOOL_CONVERSION = YES;
				CLANG_WARN_COMMA = YES;
				CLANG_WARN_CONSTANT_CONVERSION = YES;
				CLANG_WARN_DEPRECATED_OBJC_IMPLEMENTATIONS = YES;
				CLANG_WARN_DIRECT_OBJC_ISA_USAGE = YES_ERROR;
				CLANG_WARN_DOCUMENTATION_COMMENTS = YES;
				CLANG_WARN_EMPTY_BODY = YES;
				CLANG_WARN_ENUM_CONVERSION = YES;
				CLANG_WARN_INFINITE_RECURSION = YES;
				CLANG_WARN_INT_CONVERSION = YES;
				CLANG_WARN_NON_LITERAL_NULL_CONVERSION = YES;
				CLANG_WARN_OBJC_IMPLICIT_RETAIN_SELF = YES;
				CLANG_WARN_OBJC_LITERAL_CONVERSION = YES;
				CLANG_WARN_OBJC_ROOT_CLASS = YES_ERROR;
				CLANG_WARN_QUOTED_INCLUDE_IN_FRAMEWORK_HEADER = YES;
				CLANG_WARN_RANGE_LOOP_ANALYSIS = YES;
				CLANG_WARN_STRICT_PROTOTYPES = YES;
				CLANG_WARN_SUSPICIOUS_MOVE = YES;
				CLANG_WARN_UNGUARDED_AVAILABILITY = YES_AGGRESSIVE;
				CLANG_WARN_UNREACHABLE_CODE = YES;
				CLANG_WARN__DUPLICATE_METHOD_MATCH = YES;
				COPY_PHASE_STRIP = NO;
				DEBUG_INFORMATION_FORMAT = "dwarf-with-dsym";
				ENABLE_NS_ASSERTIONS = NO;
				ENABLE_STRICT_OBJC_MSGSEND = YES;
				ENABLE_USER_SCRIPT_SANDBOXING = YES;
				GCC_C_LANGUAGE_STANDARD = gnu17;
				GCC_NO_COMMON_BLOCKS = YES;
				GCC_WARN_64_TO_32_BIT_CONVERSION = YES;
				GCC_WARN_ABOUT_RETURN_TYPE = YES_ERROR;
				GCC_WARN_UNDECLARED_SELECTOR = YES;
				GCC_WARN_UNINITIALIZED_AUTOS = YES_AGGRESSIVE;
				GCC_WARN_UNUSED_FUNCTION = YES;
				GCC_WARN_UNUSED_VARIABLE = YES;
				IPHONEOS_DEPLOYMENT_TARGET = 18.2;
				LOCALIZATION_PREFERS_STRING_CATALOGS = YES;
				MTL_ENABLE_DEBUG_INFO = NO;
				MTL_FAST_MATH = YES;
				SDKROOT = iphoneos;
				SWIFT_COMPILATION_MODE = wholemodule;
				VALIDATE_PRODUCT = YES;
			};
			name = Release;
		};
		096586F02D8B691C0089E768 /* Debug */ = {
			isa = XCBuildConfiguration;
			buildSettings = {
				ASSETCATALOG_COMPILER_APPICON_NAME = AppIcon;
				ASSETCATALOG_COMPILER_GLOBAL_ACCENT_COLOR_NAME = AccentColor;
				CODE_SIGN_ENTITLEMENTS = "FrootyNator Juice Master/FrootyNator Juice Master.entitlements";
				CODE_SIGN_STYLE = Automatic;
				CURRENT_PROJECT_VERSION = 2;
				DEVELOPMENT_ASSET_PATHS = "\"FrootyNator Juice Master/Preview Content\"";
				ENABLE_PREVIEWS = YES;
				GENERATE_INFOPLIST_FILE = YES;
				INFOPLIST_FILE = "FrootyNator-Juice-Master-Info.plist";
				INFOPLIST_KEY_NSCameraUsageDescription = "Camera access is requested solely to power the app’s features; we do not capture or store any camera data.";
				INFOPLIST_KEY_NSMicrophoneUsageDescription = "Microphone access is requested exclusively to enable voice note recording; your recordings remain private and are neither transmitted nor stored.";
				INFOPLIST_KEY_NSPhotoLibraryUsageDescription = "We use your photo library to save your favorite memories from the app.";
				INFOPLIST_KEY_NSUserTrackingUsageDescription = "We use a tracking ID to gather anonymous usage data, helping us analyze how the app is used and optimize its performance.";
				INFOPLIST_KEY_UIApplicationSceneManifest_Generation = YES;
				INFOPLIST_KEY_UIApplicationSupportsIndirectInputEvents = YES;
				INFOPLIST_KEY_UILaunchScreen_Generation = YES;
				INFOPLIST_KEY_UISupportedInterfaceOrientations = UIInterfaceOrientationPortrait;
				INFOPLIST_KEY_UISupportedInterfaceOrientations_iPad = "UIInterfaceOrientationLandscapeLeft UIInterfaceOrientationLandscapeRight UIInterfaceOrientationPortrait UIInterfaceOrientationPortraitUpsideDown";
				IPHONEOS_DEPLOYMENT_TARGET = 15.6;
				LD_RUNPATH_SEARCH_PATHS = (
					"$(inherited)",
					"@executable_path/Frameworks",
				);
				MARKETING_VERSION = 1.1;
				PRODUCT_BUNDLE_IDENTIFIER = com.Fnytrbmk.Manbrtj;
				PRODUCT_NAME = "$(TARGET_NAME)";
				SUPPORTED_PLATFORMS = "iphoneos iphonesimulator";
				SUPPORTS_MACCATALYST = NO;
				SUPPORTS_MAC_DESIGNED_FOR_IPHONE_IPAD = NO;
				SUPPORTS_XR_DESIGNED_FOR_IPHONE_IPAD = NO;
				SWIFT_EMIT_LOC_STRINGS = YES;
				SWIFT_VERSION = 5.0;
				TARGETED_DEVICE_FAMILY = 1;
			};
			name = Debug;
		};
		096586F12D8B691C0089E768 /* Release */ = {
			isa = XCBuildConfiguration;
			buildSettings = {
				ASSETCATALOG_COMPILER_APPICON_NAME = AppIcon;
				ASSETCATALOG_COMPILER_GLOBAL_ACCENT_COLOR_NAME = AccentColor;
				CODE_SIGN_ENTITLEMENTS = "FrootyNator Juice Master/FrootyNator Juice Master.entitlements";
				CODE_SIGN_STYLE = Automatic;
				CURRENT_PROJECT_VERSION = 2;
				DEVELOPMENT_ASSET_PATHS = "\"FrootyNator Juice Master/Preview Content\"";
				ENABLE_PREVIEWS = YES;
				GENERATE_INFOPLIST_FILE = YES;
				INFOPLIST_FILE = "FrootyNator-Juice-Master-Info.plist";
				INFOPLIST_KEY_NSCameraUsageDescription = "Camera access is requested solely to power the app’s features; we do not capture or store any camera data.";
				INFOPLIST_KEY_NSMicrophoneUsageDescription = "Microphone access is requested exclusively to enable voice note recording; your recordings remain private and are neither transmitted nor stored.";
				INFOPLIST_KEY_NSPhotoLibraryUsageDescription = "We use your photo library to save your favorite memories from the app.";
				INFOPLIST_KEY_NSUserTrackingUsageDescription = "We use a tracking ID to gather anonymous usage data, helping us analyze how the app is used and optimize its performance.";
				INFOPLIST_KEY_UIApplicationSceneManifest_Generation = YES;
				INFOPLIST_KEY_UIApplicationSupportsIndirectInputEvents = YES;
				INFOPLIST_KEY_UILaunchScreen_Generation = YES;
				INFOPLIST_KEY_UISupportedInterfaceOrientations = UIInterfaceOrientationPortrait;
				INFOPLIST_KEY_UISupportedInterfaceOrientations_iPad = "UIInterfaceOrientationLandscapeLeft UIInterfaceOrientationLandscapeRight UIInterfaceOrientationPortrait UIInterfaceOrientationPortraitUpsideDown";
				IPHONEOS_DEPLOYMENT_TARGET = 15.6;
				LD_RUNPATH_SEARCH_PATHS = (
					"$(inherited)",
					"@executable_path/Frameworks",
				);
				MARKETING_VERSION = 1.1;
				PRODUCT_BUNDLE_IDENTIFIER = com.Fnytrbmk.Manbrtj;
				PRODUCT_NAME = "$(TARGET_NAME)";
				SUPPORTED_PLATFORMS = "iphoneos iphonesimulator";
				SUPPORTS_MACCATALYST = NO;
				SUPPORTS_MAC_DESIGNED_FOR_IPHONE_IPAD = NO;
				SUPPORTS_XR_DESIGNED_FOR_IPHONE_IPAD = NO;
				SWIFT_EMIT_LOC_STRINGS = YES;
				SWIFT_VERSION = 5.0;
				TARGETED_DEVICE_FAMILY = 1;
			};
			name = Release;
		};
/* End XCBuildConfiguration section */

/* Begin XCConfigurationList section */
		096586DA2D8B691B0089E768 /* Build configuration list for PBXProject "FrootyNator Juice Master" */ = {
			isa = XCConfigurationList;
			buildConfigurations = (
				096586ED2D8B691C0089E768 /* Debug */,
				096586EE2D8B691C0089E768 /* Release */,
			);
			defaultConfigurationIsVisible = 0;
			defaultConfigurationName = Release;
		};
		096586EF2D8B691C0089E768 /* Build configuration list for PBXNativeTarget "FrootyNator Juice Master" */ = {
			isa = XCConfigurationList;
			buildConfigurations = (
				096586F02D8B691C0089E768 /* Debug */,
				096586F12D8B691C0089E768 /* Release */,
			);
			defaultConfigurationIsVisible = 0;
			defaultConfigurationName = Release;
		};
/* End XCConfigurationList section */

/* Begin XCRemoteSwiftPackageReference section */
		134A6C342DD38A320077FF25 /* XCRemoteSwiftPackageReference "OneSignal-XCFramework" */ = {
			isa = XCRemoteSwiftPackageReference;
			repositoryURL = "https://github.com/OneSignal/OneSignal-XCFramework";
			requirement = {
				kind = exactVersion;
				version = 5.2.10;
			};
		};
		134A6C372DD38A430077FF25 /* XCRemoteSwiftPackageReference "swifter" */ = {
			isa = XCRemoteSwiftPackageReference;
			repositoryURL = "https://github.com/httpswift/swifter";
			requirement = {
				kind = upToNextMajorVersion;
				minimumVersion = 1.5.0;
			};
		};
		134A6C3A2DD38A560077FF25 /* XCRemoteSwiftPackageReference "sdk-ios" */ = {
			isa = XCRemoteSwiftPackageReference;
			repositoryURL = "https://github.com/affise/sdk-ios";
			requirement = {
				kind = upToNextMajorVersion;
				minimumVersion = 1.6.49;
			};
		};
		134A6C4B2DD38B200077FF25 /* XCRemoteSwiftPackageReference "Alamofire" */ = {
			isa = XCRemoteSwiftPackageReference;
			repositoryURL = "https://github.com/Alamofire/Alamofire";
			requirement = {
				kind = upToNextMajorVersion;
				minimumVersion = 5.10.2;
			};
		};
/* End XCRemoteSwiftPackageReference section */

/* Begin XCSwiftPackageProductDependency section */
		134A6C352DD38A320077FF25 /* OneSignalFramework */ = {
			isa = XCSwiftPackageProductDependency;
			package = 134A6C342DD38A320077FF25 /* XCRemoteSwiftPackageReference "OneSignal-XCFramework" */;
			productName = OneSignalFramework;
		};
		134A6C382DD38A430077FF25 /* Swifter */ = {
			isa = XCSwiftPackageProductDependency;
			package = 134A6C372DD38A430077FF25 /* XCRemoteSwiftPackageReference "swifter" */;
			productName = Swifter;
		};
		134A6C3B2DD38A560077FF25 /* AffiseAttributionLib */ = {
			isa = XCSwiftPackageProductDependency;
			package = 134A6C3A2DD38A560077FF25 /* XCRemoteSwiftPackageReference "sdk-ios" */;
			productName = AffiseAttributionLib;
		};
		134A6C3D2DD38A560077FF25 /* AffiseInternal */ = {
			isa = XCSwiftPackageProductDependency;
			package = 134A6C3A2DD38A560077FF25 /* XCRemoteSwiftPackageReference "sdk-ios" */;
			productName = AffiseInternal;
		};
		134A6C3F2DD38A560077FF25 /* AffiseModuleAdvertising */ = {
			isa = XCSwiftPackageProductDependency;
			package = 134A6C3A2DD38A560077FF25 /* XCRemoteSwiftPackageReference "sdk-ios" */;
			productName = AffiseModuleAdvertising;
		};
		134A6C412DD38A560077FF25 /* AffiseModuleLink */ = {
			isa = XCSwiftPackageProductDependency;
			package = 134A6C3A2DD38A560077FF25 /* XCRemoteSwiftPackageReference "sdk-ios" */;
			productName = AffiseModuleLink;
		};
		134A6C432DD38A560077FF25 /* AffiseModulePersistent */ = {
			isa = XCSwiftPackageProductDependency;
			package = 134A6C3A2DD38A560077FF25 /* XCRemoteSwiftPackageReference "sdk-ios" */;
			productName = AffiseModulePersistent;
		};
		134A6C452DD38A560077FF25 /* AffiseModuleStatus */ = {
			isa = XCSwiftPackageProductDependency;
			package = 134A6C3A2DD38A560077FF25 /* XCRemoteSwiftPackageReference "sdk-ios" */;
			productName = AffiseModuleStatus;
		};
		134A6C472DD38A560077FF25 /* AffiseModuleSubscription */ = {
			isa = XCSwiftPackageProductDependency;
			package = 134A6C3A2DD38A560077FF25 /* XCRemoteSwiftPackageReference "sdk-ios" */;
			productName = AffiseModuleSubscription;
		};
		134A6C492DD38A560077FF25 /* AffiseSKAdNetwork */ = {
			isa = XCSwiftPackageProductDependency;
			package = 134A6C3A2DD38A560077FF25 /* XCRemoteSwiftPackageReference "sdk-ios" */;
			productName = AffiseSKAdNetwork;
		};
		134A6C4C2DD38B200077FF25 /* Alamofire */ = {
			isa = XCSwiftPackageProductDependency;
			package = 134A6C4B2DD38B200077FF25 /* XCRemoteSwiftPackageReference "Alamofire" */;
			productName = Alamofire;
		};
/* End XCSwiftPackageProductDependency section */
	};
	rootObject = 096586D72D8B691B0089E768 /* Project object */;
}
